// !$*UTF8*$!
{
	archiveVersion = 1;
	classes = {
	};
	objectVersion = 55;
	objects = {

/* Begin PBXBuildFile section */
		08AF3FA62840747E00627287 /* SearchTableViewCell.swift in Sources */ = {isa = PBXBuildFile; fileRef = 08AF3FA52840747E00627287 /* SearchTableViewCell.swift */; };
		08AF3FA828409EB400627287 /* SearResultViewController.swift in Sources */ = {isa = PBXBuildFile; fileRef = 08AF3FA728409EB400627287 /* SearResultViewController.swift */; };
		08DBD0B6283E0E0E00EFA94E /* APICaller.swift in Sources */ = {isa = PBXBuildFile; fileRef = 08DBD0B5283E0E0E00EFA94E /* APICaller.swift */; };
		08DBD0B8283E2BB400EFA94E /* Movie.swift in Sources */ = {isa = PBXBuildFile; fileRef = 08DBD0B7283E2BB400EFA94E /* Movie.swift */; };
		08DBD0BA283E308000EFA94E /* Extensions.swift in Sources */ = {isa = PBXBuildFile; fileRef = 08DBD0B9283E308000EFA94E /* Extensions.swift */; };
		08E18063283C6B44007ED57C /* AppDelegate.swift in Sources */ = {isa = PBXBuildFile; fileRef = 08E18062283C6B44007ED57C /* AppDelegate.swift */; };
		08E18065283C6B44007ED57C /* SceneDelegate.swift in Sources */ = {isa = PBXBuildFile; fileRef = 08E18064283C6B44007ED57C /* SceneDelegate.swift */; };
		08E18067283C6B44007ED57C /* MainTabViewController.swift in Sources */ = {isa = PBXBuildFile; fileRef = 08E18066283C6B44007ED57C /* MainTabViewController.swift */; };
		08E1806A283C6B44007ED57C /* Main.storyboard in Resources */ = {isa = PBXBuildFile; fileRef = 08E18068283C6B44007ED57C /* Main.storyboard */; };
		08E1806C283C6B46007ED57C /* Assets.xcassets in Resources */ = {isa = PBXBuildFile; fileRef = 08E1806B283C6B46007ED57C /* Assets.xcassets */; };
		08E1806F283C6B46007ED57C /* LaunchScreen.storyboard in Resources */ = {isa = PBXBuildFile; fileRef = 08E1806D283C6B46007ED57C /* LaunchScreen.storyboard */; };
		08E1807A283C6B46007ED57C /* NetflixCloneTests.swift in Sources */ = {isa = PBXBuildFile; fileRef = 08E18079283C6B46007ED57C /* NetflixCloneTests.swift */; };
		08E18084283C6B46007ED57C /* NetflixCloneUITests.swift in Sources */ = {isa = PBXBuildFile; fileRef = 08E18083283C6B46007ED57C /* NetflixCloneUITests.swift */; };
		08E18086283C6B46007ED57C /* NetflixCloneUITestsLaunchTests.swift in Sources */ = {isa = PBXBuildFile; fileRef = 08E18085283C6B46007ED57C /* NetflixCloneUITestsLaunchTests.swift */; };
		08E18099283CA886007ED57C /* HomeViewController.swift in Sources */ = {isa = PBXBuildFile; fileRef = 08E18098283CA886007ED57C /* HomeViewController.swift */; };
		08E1809B283CA899007ED57C /* UpcomingViewController.swift in Sources */ = {isa = PBXBuildFile; fileRef = 08E1809A283CA899007ED57C /* UpcomingViewController.swift */; };
		08E1809D283CA8A3007ED57C /* ProfileViewController.swift in Sources */ = {isa = PBXBuildFile; fileRef = 08E1809C283CA8A3007ED57C /* ProfileViewController.swift */; };
		08E1809F283CA8B1007ED57C /* SearchViewController.swift in Sources */ = {isa = PBXBuildFile; fileRef = 08E1809E283CA8B1007ED57C /* SearchViewController.swift */; };
		08E180A3283CA8D4007ED57C /* DownloadViewController.swift in Sources */ = {isa = PBXBuildFile; fileRef = 08E180A2283CA8D4007ED57C /* DownloadViewController.swift */; };
		08E180A6283CCC71007ED57C /* CollectionViewTableViewCell.swift in Sources */ = {isa = PBXBuildFile; fileRef = 08E180A5283CCC71007ED57C /* CollectionViewTableViewCell.swift */; };
		08E180A8283CD78F007ED57C /* HeroHeaderView.swift in Sources */ = {isa = PBXBuildFile; fileRef = 08E180A7283CD78F007ED57C /* HeroHeaderView.swift */; };
		08EDB25D283F176000E339EF /* HomeViewCollectionViewCell.swift in Sources */ = {isa = PBXBuildFile; fileRef = 08EDB25C283F176000E339EF /* HomeViewCollectionViewCell.swift */; };
		08EDB260283F4A6700E339EF /* UpcomingTableViewCell.swift in Sources */ = {isa = PBXBuildFile; fileRef = 08EDB25F283F4A6700E339EF /* UpcomingTableViewCell.swift */; };
		08EDB262283F4B9900E339EF /* ViewModel.swift in Sources */ = {isa = PBXBuildFile; fileRef = 08EDB261283F4B9900E339EF /* ViewModel.swift */; };
		47D19E66FA73D87A739E92BC /* Pods_NetflixClone_NetflixCloneUITests.framework in Frameworks */ = {isa = PBXBuildFile; fileRef = FB5387DAF0721F0B649441B4 /* Pods_NetflixClone_NetflixCloneUITests.framework */; };
		4A103499C497DE337FDA0C42 /* Pods_NetflixClone.framework in Frameworks */ = {isa = PBXBuildFile; fileRef = F58ED24744405C9347F692D8 /* Pods_NetflixClone.framework */; };
		9C21E120C6F489FE93840892 /* Pods_NetflixCloneTests.framework in Frameworks */ = {isa = PBXBuildFile; fileRef = A890BA4CBA6A54C60C007B12 /* Pods_NetflixCloneTests.framework */; };
/* End PBXBuildFile section */

/* Begin PBXContainerItemProxy section */
		08E18076283C6B46007ED57C /* PBXContainerItemProxy */ = {
			isa = PBXContainerItemProxy;
			containerPortal = 08E18057283C6B44007ED57C /* Project object */;
			proxyType = 1;
			remoteGlobalIDString = 08E1805E283C6B44007ED57C;
			remoteInfo = NetflixClone;
		};
		08E18080283C6B46007ED57C /* PBXContainerItemProxy */ = {
			isa = PBXContainerItemProxy;
			containerPortal = 08E18057283C6B44007ED57C /* Project object */;
			proxyType = 1;
			remoteGlobalIDString = 08E1805E283C6B44007ED57C;
			remoteInfo = NetflixClone;
		};
/* End PBXContainerItemProxy section */

/* Begin PBXFileReference section */
		04F842F6606BFD9736F19FBC /* Pods-NetflixCloneTests.debug.xcconfig */ = {isa = PBXFileReference; includeInIndex = 1; lastKnownFileType = text.xcconfig; name = "Pods-NetflixCloneTests.debug.xcconfig"; path = "Target Support Files/Pods-NetflixCloneTests/Pods-NetflixCloneTests.debug.xcconfig"; sourceTree = "<group>"; };
		08AF3FA52840747E00627287 /* SearchTableViewCell.swift */ = {isa = PBXFileReference; lastKnownFileType = sourcecode.swift; path = SearchTableViewCell.swift; sourceTree = "<group>"; };
		08AF3FA728409EB400627287 /* SearResultViewController.swift */ = {isa = PBXFileReference; lastKnownFileType = sourcecode.swift; path = SearResultViewController.swift; sourceTree = "<group>"; };
		08DBD0B5283E0E0E00EFA94E /* APICaller.swift */ = {isa = PBXFileReference; lastKnownFileType = sourcecode.swift; path = APICaller.swift; sourceTree = "<group>"; };
		08DBD0B7283E2BB400EFA94E /* Movie.swift */ = {isa = PBXFileReference; lastKnownFileType = sourcecode.swift; path = Movie.swift; sourceTree = "<group>"; };
		08DBD0B9283E308000EFA94E /* Extensions.swift */ = {isa = PBXFileReference; lastKnownFileType = sourcecode.swift; path = Extensions.swift; sourceTree = "<group>"; };
		08E1805F283C6B44007ED57C /* NetflixClone.app */ = {isa = PBXFileReference; explicitFileType = wrapper.application; includeInIndex = 0; path = NetflixClone.app; sourceTree = BUILT_PRODUCTS_DIR; };
		08E18062283C6B44007ED57C /* AppDelegate.swift */ = {isa = PBXFileReference; lastKnownFileType = sourcecode.swift; path = AppDelegate.swift; sourceTree = "<group>"; };
		08E18064283C6B44007ED57C /* SceneDelegate.swift */ = {isa = PBXFileReference; lastKnownFileType = sourcecode.swift; path = SceneDelegate.swift; sourceTree = "<group>"; };
		08E18066283C6B44007ED57C /* MainTabViewController.swift */ = {isa = PBXFileReference; lastKnownFileType = sourcecode.swift; path = MainTabViewController.swift; sourceTree = "<group>"; };
		08E18069283C6B44007ED57C /* Base */ = {isa = PBXFileReference; lastKnownFileType = file.storyboard; name = Base; path = Base.lproj/Main.storyboard; sourceTree = "<group>"; };
		08E1806B283C6B46007ED57C /* Assets.xcassets */ = {isa = PBXFileReference; lastKnownFileType = folder.assetcatalog; path = Assets.xcassets; sourceTree = "<group>"; };
		08E1806E283C6B46007ED57C /* Base */ = {isa = PBXFileReference; lastKnownFileType = file.storyboard; name = Base; path = Base.lproj/LaunchScreen.storyboard; sourceTree = "<group>"; };
		08E18070283C6B46007ED57C /* Info.plist */ = {isa = PBXFileReference; lastKnownFileType = text.plist.xml; path = Info.plist; sourceTree = "<group>"; };
		08E18075283C6B46007ED57C /* NetflixCloneTests.xctest */ = {isa = PBXFileReference; explicitFileType = wrapper.cfbundle; includeInIndex = 0; path = NetflixCloneTests.xctest; sourceTree = BUILT_PRODUCTS_DIR; };
		08E18079283C6B46007ED57C /* NetflixCloneTests.swift */ = {isa = PBXFileReference; lastKnownFileType = sourcecode.swift; path = NetflixCloneTests.swift; sourceTree = "<group>"; };
		08E1807F283C6B46007ED57C /* NetflixCloneUITests.xctest */ = {isa = PBXFileReference; explicitFileType = wrapper.cfbundle; includeInIndex = 0; path = NetflixCloneUITests.xctest; sourceTree = BUILT_PRODUCTS_DIR; };
		08E18083283C6B46007ED57C /* NetflixCloneUITests.swift */ = {isa = PBXFileReference; lastKnownFileType = sourcecode.swift; path = NetflixCloneUITests.swift; sourceTree = "<group>"; };
		08E18085283C6B46007ED57C /* NetflixCloneUITestsLaunchTests.swift */ = {isa = PBXFileReference; lastKnownFileType = sourcecode.swift; path = NetflixCloneUITestsLaunchTests.swift; sourceTree = "<group>"; };
		08E18098283CA886007ED57C /* HomeViewController.swift */ = {isa = PBXFileReference; lastKnownFileType = sourcecode.swift; path = HomeViewController.swift; sourceTree = "<group>"; };
		08E1809A283CA899007ED57C /* UpcomingViewController.swift */ = {isa = PBXFileReference; lastKnownFileType = sourcecode.swift; path = UpcomingViewController.swift; sourceTree = "<group>"; };
		08E1809C283CA8A3007ED57C /* ProfileViewController.swift */ = {isa = PBXFileReference; lastKnownFileType = sourcecode.swift; path = ProfileViewController.swift; sourceTree = "<group>"; };
		08E1809E283CA8B1007ED57C /* SearchViewController.swift */ = {isa = PBXFileReference; lastKnownFileType = sourcecode.swift; path = SearchViewController.swift; sourceTree = "<group>"; };
		08E180A2283CA8D4007ED57C /* DownloadViewController.swift */ = {isa = PBXFileReference; lastKnownFileType = sourcecode.swift; path = DownloadViewController.swift; sourceTree = "<group>"; };
		08E180A5283CCC71007ED57C /* CollectionViewTableViewCell.swift */ = {isa = PBXFileReference; lastKnownFileType = sourcecode.swift; path = CollectionViewTableViewCell.swift; sourceTree = "<group>"; };
		08E180A7283CD78F007ED57C /* HeroHeaderView.swift */ = {isa = PBXFileReference; lastKnownFileType = sourcecode.swift; path = HeroHeaderView.swift; sourceTree = "<group>"; };
		08EDB25C283F176000E339EF /* HomeViewCollectionViewCell.swift */ = {isa = PBXFileReference; lastKnownFileType = sourcecode.swift; path = HomeViewCollectionViewCell.swift; sourceTree = "<group>"; };
		08EDB25F283F4A6700E339EF /* UpcomingTableViewCell.swift */ = {isa = PBXFileReference; lastKnownFileType = sourcecode.swift; path = UpcomingTableViewCell.swift; sourceTree = "<group>"; };
		08EDB261283F4B9900E339EF /* ViewModel.swift */ = {isa = PBXFileReference; lastKnownFileType = sourcecode.swift; path = ViewModel.swift; sourceTree = "<group>"; };
		211DDDDE9A1FD90A31652BEB /* Pods-NetflixClone.debug.xcconfig */ = {isa = PBXFileReference; includeInIndex = 1; lastKnownFileType = text.xcconfig; name = "Pods-NetflixClone.debug.xcconfig"; path = "Target Support Files/Pods-NetflixClone/Pods-NetflixClone.debug.xcconfig"; sourceTree = "<group>"; };
		9E10C1461C4FA54754258B05 /* Pods-NetflixClone-NetflixCloneUITests.debug.xcconfig */ = {isa = PBXFileReference; includeInIndex = 1; lastKnownFileType = text.xcconfig; name = "Pods-NetflixClone-NetflixCloneUITests.debug.xcconfig"; path = "Target Support Files/Pods-NetflixClone-NetflixCloneUITests/Pods-NetflixClone-NetflixCloneUITests.debug.xcconfig"; sourceTree = "<group>"; };
		A4FCBD0C9F76D12372D6A5B9 /* Pods-NetflixClone-NetflixCloneUITests.release.xcconfig */ = {isa = PBXFileReference; includeInIndex = 1; lastKnownFileType = text.xcconfig; name = "Pods-NetflixClone-NetflixCloneUITests.release.xcconfig"; path = "Target Support Files/Pods-NetflixClone-NetflixCloneUITests/Pods-NetflixClone-NetflixCloneUITests.release.xcconfig"; sourceTree = "<group>"; };
		A890BA4CBA6A54C60C007B12 /* Pods_NetflixCloneTests.framework */ = {isa = PBXFileReference; explicitFileType = wrapper.framework; includeInIndex = 0; path = Pods_NetflixCloneTests.framework; sourceTree = BUILT_PRODUCTS_DIR; };
		C9E863836E81EAF752C9F4FA /* Pods-NetflixCloneTests.release.xcconfig */ = {isa = PBXFileReference; includeInIndex = 1; lastKnownFileType = text.xcconfig; name = "Pods-NetflixCloneTests.release.xcconfig"; path = "Target Support Files/Pods-NetflixCloneTests/Pods-NetflixCloneTests.release.xcconfig"; sourceTree = "<group>"; };
		CC6E36966F7A110885F90FBF /* Pods-NetflixClone.release.xcconfig */ = {isa = PBXFileReference; includeInIndex = 1; lastKnownFileType = text.xcconfig; name = "Pods-NetflixClone.release.xcconfig"; path = "Target Support Files/Pods-NetflixClone/Pods-NetflixClone.release.xcconfig"; sourceTree = "<group>"; };
		F58ED24744405C9347F692D8 /* Pods_NetflixClone.framework */ = {isa = PBXFileReference; explicitFileType = wrapper.framework; includeInIndex = 0; path = Pods_NetflixClone.framework; sourceTree = BUILT_PRODUCTS_DIR; };
		FB5387DAF0721F0B649441B4 /* Pods_NetflixClone_NetflixCloneUITests.framework */ = {isa = PBXFileReference; explicitFileType = wrapper.framework; includeInIndex = 0; path = Pods_NetflixClone_NetflixCloneUITests.framework; sourceTree = BUILT_PRODUCTS_DIR; };
/* End PBXFileReference section */

/* Begin PBXFrameworksBuildPhase section */
		08E1805C283C6B44007ED57C /* Frameworks */ = {
			isa = PBXFrameworksBuildPhase;
			buildActionMask = 2147483647;
			files = (
				4A103499C497DE337FDA0C42 /* Pods_NetflixClone.framework in Frameworks */,
			);
			runOnlyForDeploymentPostprocessing = 0;
		};
		08E18072283C6B46007ED57C /* Frameworks */ = {
			isa = PBXFrameworksBuildPhase;
			buildActionMask = 2147483647;
			files = (
				9C21E120C6F489FE93840892 /* Pods_NetflixCloneTests.framework in Frameworks */,
			);
			runOnlyForDeploymentPostprocessing = 0;
		};
		08E1807C283C6B46007ED57C /* Frameworks */ = {
			isa = PBXFrameworksBuildPhase;
			buildActionMask = 2147483647;
			files = (
				47D19E66FA73D87A739E92BC /* Pods_NetflixClone_NetflixCloneUITests.framework in Frameworks */,
			);
			runOnlyForDeploymentPostprocessing = 0;
		};
/* End PBXFrameworksBuildPhase section */

/* Begin PBXGroup section */
		08E18056283C6B44007ED57C = {
			isa = PBXGroup;
			children = (
				08E18061283C6B44007ED57C /* NetflixClone */,
				08E18078283C6B46007ED57C /* NetflixCloneTests */,
				08E18082283C6B46007ED57C /* NetflixCloneUITests */,
				08E18060283C6B44007ED57C /* Products */,
				861D54F5E0858C7DB45A3553 /* Pods */,
				904F50389DF70A1FE11EF182 /* Frameworks */,
			);
			sourceTree = "<group>";
		};
		08E18060283C6B44007ED57C /* Products */ = {
			isa = PBXGroup;
			children = (
				08E1805F283C6B44007ED57C /* NetflixClone.app */,
				08E18075283C6B46007ED57C /* NetflixCloneTests.xctest */,
				08E1807F283C6B46007ED57C /* NetflixCloneUITests.xctest */,
			);
			name = Products;
			sourceTree = "<group>";
		};
		08E18061283C6B44007ED57C /* NetflixClone */ = {
			isa = PBXGroup;
			children = (
				08E18097283CA717007ED57C /* Resources */,
				08E18096283CA712007ED57C /* Manager */,
				08E18095283CA70D007ED57C /* ViewModel */,
				08E18094283CA705007ED57C /* Controllers */,
				08E18093283CA700007ED57C /* Views */,
				08E18092283CA6F7007ED57C /* Model */,
				08E18070283C6B46007ED57C /* Info.plist */,
			);
			path = NetflixClone;
			sourceTree = "<group>";
		};
		08E18078283C6B46007ED57C /* NetflixCloneTests */ = {
			isa = PBXGroup;
			children = (
				08E18079283C6B46007ED57C /* NetflixCloneTests.swift */,
			);
			path = NetflixCloneTests;
			sourceTree = "<group>";
		};
		08E18082283C6B46007ED57C /* NetflixCloneUITests */ = {
			isa = PBXGroup;
			children = (
				08E18083283C6B46007ED57C /* NetflixCloneUITests.swift */,
				08E18085283C6B46007ED57C /* NetflixCloneUITestsLaunchTests.swift */,
			);
			path = NetflixCloneUITests;
			sourceTree = "<group>";
		};
		08E18092283CA6F7007ED57C /* Model */ = {
			isa = PBXGroup;
			children = (
				08DBD0B7283E2BB400EFA94E /* Movie.swift */,
			);
			path = Model;
			sourceTree = "<group>";
		};
		08E18093283CA700007ED57C /* Views */ = {
			isa = PBXGroup;
			children = (
				08EDB25E283F4A5300E339EF /* Upcoming */,
				08E180A4283CCBE8007ED57C /* Home */,
			);
			path = Views;
			sourceTree = "<group>";
		};
		08E18094283CA705007ED57C /* Controllers */ = {
			isa = PBXGroup;
			children = (
				08E180A1283CA8C2007ED57C /* Others */,
				08E180A0283CA8B9007ED57C /* Core */,
			);
			path = Controllers;
			sourceTree = "<group>";
		};
		08E18095283CA70D007ED57C /* ViewModel */ = {
			isa = PBXGroup;
			children = (
				08EDB261283F4B9900E339EF /* ViewModel.swift */,
			);
			path = ViewModel;
			sourceTree = "<group>";
		};
		08E18096283CA712007ED57C /* Manager */ = {
			isa = PBXGroup;
			children = (
				08DBD0B5283E0E0E00EFA94E /* APICaller.swift */,
			);
			path = Manager;
			sourceTree = "<group>";
		};
		08E18097283CA717007ED57C /* Resources */ = {
			isa = PBXGroup;
			children = (
				08E18062283C6B44007ED57C /* AppDelegate.swift */,
				08E18064283C6B44007ED57C /* SceneDelegate.swift */,
				08E18068283C6B44007ED57C /* Main.storyboard */,
				08E1806B283C6B46007ED57C /* Assets.xcassets */,
				08E1806D283C6B46007ED57C /* LaunchScreen.storyboard */,
				08DBD0B9283E308000EFA94E /* Extensions.swift */,
			);
			path = Resources;
			sourceTree = "<group>";
		};
		08E180A0283CA8B9007ED57C /* Core */ = {
			isa = PBXGroup;
			children = (
				08E18066283C6B44007ED57C /* MainTabViewController.swift */,
				08E18098283CA886007ED57C /* HomeViewController.swift */,
				08E1809A283CA899007ED57C /* UpcomingViewController.swift */,
				08E1809E283CA8B1007ED57C /* SearchViewController.swift */,
				08E180A2283CA8D4007ED57C /* DownloadViewController.swift */,
				08AF3FA728409EB400627287 /* SearResultViewController.swift */,
			);
			path = Core;
			sourceTree = "<group>";
		};
		08E180A1283CA8C2007ED57C /* Others */ = {
			isa = PBXGroup;
			children = (
				08E1809C283CA8A3007ED57C /* ProfileViewController.swift */,
			);
			path = Others;
			sourceTree = "<group>";
		};
		08E180A4283CCBE8007ED57C /* Home */ = {
			isa = PBXGroup;
			children = (
				08E180A5283CCC71007ED57C /* CollectionViewTableViewCell.swift */,
				08E180A7283CD78F007ED57C /* HeroHeaderView.swift */,
				08EDB25C283F176000E339EF /* HomeViewCollectionViewCell.swift */,
			);
			path = Home;
			sourceTree = "<group>";
		};
		08EDB25E283F4A5300E339EF /* Upcoming */ = {
			isa = PBXGroup;
			children = (
				08EDB25F283F4A6700E339EF /* UpcomingTableViewCell.swift */,
				08AF3FA52840747E00627287 /* SearchTableViewCell.swift */,
			);
			path = Upcoming;
			sourceTree = "<group>";
		};
		861D54F5E0858C7DB45A3553 /* Pods */ = {
			isa = PBXGroup;
			children = (
				211DDDDE9A1FD90A31652BEB /* Pods-NetflixClone.debug.xcconfig */,
				CC6E36966F7A110885F90FBF /* Pods-NetflixClone.release.xcconfig */,
				9E10C1461C4FA54754258B05 /* Pods-NetflixClone-NetflixCloneUITests.debug.xcconfig */,
				A4FCBD0C9F76D12372D6A5B9 /* Pods-NetflixClone-NetflixCloneUITests.release.xcconfig */,
				04F842F6606BFD9736F19FBC /* Pods-NetflixCloneTests.debug.xcconfig */,
				C9E863836E81EAF752C9F4FA /* Pods-NetflixCloneTests.release.xcconfig */,
			);
			path = Pods;
			sourceTree = "<group>";
		};
		904F50389DF70A1FE11EF182 /* Frameworks */ = {
			isa = PBXGroup;
			children = (
				F58ED24744405C9347F692D8 /* Pods_NetflixClone.framework */,
				FB5387DAF0721F0B649441B4 /* Pods_NetflixClone_NetflixCloneUITests.framework */,
				A890BA4CBA6A54C60C007B12 /* Pods_NetflixCloneTests.framework */,
			);
			name = Frameworks;
			sourceTree = "<group>";
		};
/* End PBXGroup section */

/* Begin PBXNativeTarget section */
		08E1805E283C6B44007ED57C /* NetflixClone */ = {
			isa = PBXNativeTarget;
			buildConfigurationList = 08E18089283C6B46007ED57C /* Build configuration list for PBXNativeTarget "NetflixClone" */;
			buildPhases = (
				E86DCB10950DA7FB828ACFA0 /* [CP] Check Pods Manifest.lock */,
				08E1805B283C6B44007ED57C /* Sources */,
				08E1805C283C6B44007ED57C /* Frameworks */,
				08E1805D283C6B44007ED57C /* Resources */,
				CF2DB584D4F0D193F07F6D41 /* [CP] Embed Pods Frameworks */,
			);
			buildRules = (
			);
			dependencies = (
			);
			name = NetflixClone;
			productName = NetflixClone;
			productReference = 08E1805F283C6B44007ED57C /* NetflixClone.app */;
			productType = "com.apple.product-type.application";
		};
		08E18074283C6B46007ED57C /* NetflixCloneTests */ = {
			isa = PBXNativeTarget;
			buildConfigurationList = 08E1808C283C6B46007ED57C /* Build configuration list for PBXNativeTarget "NetflixCloneTests" */;
			buildPhases = (
				1E42028A21FB7A18BD4CB69B /* [CP] Check Pods Manifest.lock */,
				08E18071283C6B46007ED57C /* Sources */,
				08E18072283C6B46007ED57C /* Frameworks */,
				08E18073283C6B46007ED57C /* Resources */,
			);
			buildRules = (
			);
			dependencies = (
				08E18077283C6B46007ED57C /* PBXTargetDependency */,
			);
			name = NetflixCloneTests;
			productName = NetflixCloneTests;
			productReference = 08E18075283C6B46007ED57C /* NetflixCloneTests.xctest */;
			productType = "com.apple.product-type.bundle.unit-test";
		};
		08E1807E283C6B46007ED57C /* NetflixCloneUITests */ = {
			isa = PBXNativeTarget;
			buildConfigurationList = 08E1808F283C6B46007ED57C /* Build configuration list for PBXNativeTarget "NetflixCloneUITests" */;
			buildPhases = (
				9A8E974C14090455DA7771C5 /* [CP] Check Pods Manifest.lock */,
				08E1807B283C6B46007ED57C /* Sources */,
				08E1807C283C6B46007ED57C /* Frameworks */,
				08E1807D283C6B46007ED57C /* Resources */,
				AC1FE24A78FC21CCF7386318 /* [CP] Embed Pods Frameworks */,
			);
			buildRules = (
			);
			dependencies = (
				08E18081283C6B46007ED57C /* PBXTargetDependency */,
			);
			name = NetflixCloneUITests;
			productName = NetflixCloneUITests;
			productReference = 08E1807F283C6B46007ED57C /* NetflixCloneUITests.xctest */;
			productType = "com.apple.product-type.bundle.ui-testing";
		};
/* End PBXNativeTarget section */

/* Begin PBXProject section */
		08E18057283C6B44007ED57C /* Project object */ = {
			isa = PBXProject;
			attributes = {
				BuildIndependentTargetsInParallel = 1;
				LastSwiftUpdateCheck = 1340;
				LastUpgradeCheck = 1340;
				TargetAttributes = {
					08E1805E283C6B44007ED57C = {
						CreatedOnToolsVersion = 13.4;
					};
					08E18074283C6B46007ED57C = {
						CreatedOnToolsVersion = 13.4;
						TestTargetID = 08E1805E283C6B44007ED57C;
					};
					08E1807E283C6B46007ED57C = {
						CreatedOnToolsVersion = 13.4;
						TestTargetID = 08E1805E283C6B44007ED57C;
					};
				};
			};
			buildConfigurationList = 08E1805A283C6B44007ED57C /* Build configuration list for PBXProject "NetflixClone" */;
			compatibilityVersion = "Xcode 13.0";
			developmentRegion = en;
			hasScannedForEncodings = 0;
			knownRegions = (
				en,
				Base,
			);
			mainGroup = 08E18056283C6B44007ED57C;
			productRefGroup = 08E18060283C6B44007ED57C /* Products */;
			projectDirPath = "";
			projectRoot = "";
			targets = (
				08E1805E283C6B44007ED57C /* NetflixClone */,
				08E18074283C6B46007ED57C /* NetflixCloneTests */,
				08E1807E283C6B46007ED57C /* NetflixCloneUITests */,
			);
		};
/* End PBXProject section */

/* Begin PBXResourcesBuildPhase section */
		08E1805D283C6B44007ED57C /* Resources */ = {
			isa = PBXResourcesBuildPhase;
			buildActionMask = 2147483647;
			files = (
				08E1806F283C6B46007ED57C /* LaunchScreen.storyboard in Resources */,
				08E1806C283C6B46007ED57C /* Assets.xcassets in Resources */,
				08E1806A283C6B44007ED57C /* Main.storyboard in Resources */,
			);
			runOnlyForDeploymentPostprocessing = 0;
		};
		08E18073283C6B46007ED57C /* Resources */ = {
			isa = PBXResourcesBuildPhase;
			buildActionMask = 2147483647;
			files = (
			);
			runOnlyForDeploymentPostprocessing = 0;
		};
		08E1807D283C6B46007ED57C /* Resources */ = {
			isa = PBXResourcesBuildPhase;
			buildActionMask = 2147483647;
			files = (
			);
			runOnlyForDeploymentPostprocessing = 0;
		};
/* End PBXResourcesBuildPhase section */

/* Begin PBXShellScriptBuildPhase section */
		1E42028A21FB7A18BD4CB69B /* [CP] Check Pods Manifest.lock */ = {
			isa = PBXShellScriptBuildPhase;
			buildActionMask = 2147483647;
			files = (
			);
			inputFileListPaths = (
			);
			inputPaths = (
				"${PODS_PODFILE_DIR_PATH}/Podfile.lock",
				"${PODS_ROOT}/Manifest.lock",
			);
			name = "[CP] Check Pods Manifest.lock";
			outputFileListPaths = (
			);
			outputPaths = (
				"$(DERIVED_FILE_DIR)/Pods-NetflixCloneTests-checkManifestLockResult.txt",
			);
			runOnlyForDeploymentPostprocessing = 0;
			shellPath = /bin/sh;
			shellScript = "diff \"${PODS_PODFILE_DIR_PATH}/Podfile.lock\" \"${PODS_ROOT}/Manifest.lock\" > /dev/null\nif [ $? != 0 ] ; then\n    # print error to STDERR\n    echo \"error: The sandbox is not in sync with the Podfile.lock. Run 'pod install' or update your CocoaPods installation.\" >&2\n    exit 1\nfi\n# This output is used by Xcode 'outputs' to avoid re-running this script phase.\necho \"SUCCESS\" > \"${SCRIPT_OUTPUT_FILE_0}\"\n";
			showEnvVarsInLog = 0;
		};
		9A8E974C14090455DA7771C5 /* [CP] Check Pods Manifest.lock */ = {
			isa = PBXShellScriptBuildPhase;
			buildActionMask = 2147483647;
			files = (
			);
			inputFileListPaths = (
			);
			inputPaths = (
				"${PODS_PODFILE_DIR_PATH}/Podfile.lock",
				"${PODS_ROOT}/Manifest.lock",
			);
			name = "[CP] Check Pods Manifest.lock";
			outputFileListPaths = (
			);
			outputPaths = (
				"$(DERIVED_FILE_DIR)/Pods-NetflixClone-NetflixCloneUITests-checkManifestLockResult.txt",
			);
			runOnlyForDeploymentPostprocessing = 0;
			shellPath = /bin/sh;
			shellScript = "diff \"${PODS_PODFILE_DIR_PATH}/Podfile.lock\" \"${PODS_ROOT}/Manifest.lock\" > /dev/null\nif [ $? != 0 ] ; then\n    # print error to STDERR\n    echo \"error: The sandbox is not in sync with the Podfile.lock. Run 'pod install' or update your CocoaPods installation.\" >&2\n    exit 1\nfi\n# This output is used by Xcode 'outputs' to avoid re-running this script phase.\necho \"SUCCESS\" > \"${SCRIPT_OUTPUT_FILE_0}\"\n";
			showEnvVarsInLog = 0;
		};
		AC1FE24A78FC21CCF7386318 /* [CP] Embed Pods Frameworks */ = {
			isa = PBXShellScriptBuildPhase;
			buildActionMask = 2147483647;
			files = (
			);
			inputFileListPaths = (
				"${PODS_ROOT}/Target Support Files/Pods-NetflixClone-NetflixCloneUITests/Pods-NetflixClone-NetflixCloneUITests-frameworks-${CONFIGURATION}-input-files.xcfilelist",
			);
			name = "[CP] Embed Pods Frameworks";
			outputFileListPaths = (
				"${PODS_ROOT}/Target Support Files/Pods-NetflixClone-NetflixCloneUITests/Pods-NetflixClone-NetflixCloneUITests-frameworks-${CONFIGURATION}-output-files.xcfilelist",
			);
			runOnlyForDeploymentPostprocessing = 0;
			shellPath = /bin/sh;
			shellScript = "\"${PODS_ROOT}/Target Support Files/Pods-NetflixClone-NetflixCloneUITests/Pods-NetflixClone-NetflixCloneUITests-frameworks.sh\"\n";
			showEnvVarsInLog = 0;
		};
		CF2DB584D4F0D193F07F6D41 /* [CP] Embed Pods Frameworks */ = {
			isa = PBXShellScriptBuildPhase;
			buildActionMask = 2147483647;
			files = (
			);
			inputFileListPaths = (
				"${PODS_ROOT}/Target Support Files/Pods-NetflixClone/Pods-NetflixClone-frameworks-${CONFIGURATION}-input-files.xcfilelist",
			);
			name = "[CP] Embed Pods Frameworks";
			outputFileListPaths = (
				"${PODS_ROOT}/Target Support Files/Pods-NetflixClone/Pods-NetflixClone-frameworks-${CONFIGURATION}-output-files.xcfilelist",
			);
			runOnlyForDeploymentPostprocessing = 0;
			shellPath = /bin/sh;
			shellScript = "\"${PODS_ROOT}/Target Support Files/Pods-NetflixClone/Pods-NetflixClone-frameworks.sh\"\n";
			showEnvVarsInLog = 0;
		};
		E86DCB10950DA7FB828ACFA0 /* [CP] Check Pods Manifest.lock */ = {
			isa = PBXShellScriptBuildPhase;
			buildActionMask = 2147483647;
			files = (
			);
			inputFileListPaths = (
			);
			inputPaths = (
				"${PODS_PODFILE_DIR_PATH}/Podfile.lock",
				"${PODS_ROOT}/Manifest.lock",
			);
			name = "[CP] Check Pods Manifest.lock";
			outputFileListPaths = (
			);
			outputPaths = (
				"$(DERIVED_FILE_DIR)/Pods-NetflixClone-checkManifestLockResult.txt",
			);
			runOnlyForDeploymentPostprocessing = 0;
			shellPath = /bin/sh;
			shellScript = "diff \"${PODS_PODFILE_DIR_PATH}/Podfile.lock\" \"${PODS_ROOT}/Manifest.lock\" > /dev/null\nif [ $? != 0 ] ; then\n    # print error to STDERR\n    echo \"error: The sandbox is not in sync with the Podfile.lock. Run 'pod install' or update your CocoaPods installation.\" >&2\n    exit 1\nfi\n# This output is used by Xcode 'outputs' to avoid re-running this script phase.\necho \"SUCCESS\" > \"${SCRIPT_OUTPUT_FILE_0}\"\n";
			showEnvVarsInLog = 0;
		};
/* End PBXShellScriptBuildPhase section */

/* Begin PBXSourcesBuildPhase section */
		08E1805B283C6B44007ED57C /* Sources */ = {
			isa = PBXSourcesBuildPhase;
			buildActionMask = 2147483647;
			files = (
				08EDB262283F4B9900E339EF /* ViewModel.swift in Sources */,
				08E1809D283CA8A3007ED57C /* ProfileViewController.swift in Sources */,
				08E1809F283CA8B1007ED57C /* SearchViewController.swift in Sources */,
				08DBD0B8283E2BB400EFA94E /* Movie.swift in Sources */,
				08AF3FA828409EB400627287 /* SearResultViewController.swift in Sources */,
				08EDB25D283F176000E339EF /* HomeViewCollectionViewCell.swift in Sources */,
				08E18067283C6B44007ED57C /* MainTabViewController.swift in Sources */,
				08E18063283C6B44007ED57C /* AppDelegate.swift in Sources */,
				08E18065283C6B44007ED57C /* SceneDelegate.swift in Sources */,
				08EDB260283F4A6700E339EF /* UpcomingTableViewCell.swift in Sources */,
				08E180A8283CD78F007ED57C /* HeroHeaderView.swift in Sources */,
				08E180A6283CCC71007ED57C /* CollectionViewTableViewCell.swift in Sources */,
				08AF3FA62840747E00627287 /* SearchTableViewCell.swift in Sources */,
				08DBD0BA283E308000EFA94E /* Extensions.swift in Sources */,
				08E1809B283CA899007ED57C /* UpcomingViewController.swift in Sources */,
				08DBD0B6283E0E0E00EFA94E /* APICaller.swift in Sources */,
				08E180A3283CA8D4007ED57C /* DownloadViewController.swift in Sources */,
				08E18099283CA886007ED57C /* HomeViewController.swift in Sources */,
			);
			runOnlyForDeploymentPostprocessing = 0;
		};
		08E18071283C6B46007ED57C /* Sources */ = {
			isa = PBXSourcesBuildPhase;
			buildActionMask = 2147483647;
			files = (
				08E1807A283C6B46007ED57C /* NetflixCloneTests.swift in Sources */,
			);
			runOnlyForDeploymentPostprocessing = 0;
		};
		08E1807B283C6B46007ED57C /* Sources */ = {
			isa = PBXSourcesBuildPhase;
			buildActionMask = 2147483647;
			files = (
				08E18084283C6B46007ED57C /* NetflixCloneUITests.swift in Sources */,
				08E18086283C6B46007ED57C /* NetflixCloneUITestsLaunchTests.swift in Sources */,
			);
			runOnlyForDeploymentPostprocessing = 0;
		};
/* End PBXSourcesBuildPhase section */

/* Begin PBXTargetDependency section */
		08E18077283C6B46007ED57C /* PBXTargetDependency */ = {
			isa = PBXTargetDependency;
			target = 08E1805E283C6B44007ED57C /* NetflixClone */;
			targetProxy = 08E18076283C6B46007ED57C /* PBXContainerItemProxy */;
		};
		08E18081283C6B46007ED57C /* PBXTargetDependency */ = {
			isa = PBXTargetDependency;
			target = 08E1805E283C6B44007ED57C /* NetflixClone */;
			targetProxy = 08E18080283C6B46007ED57C /* PBXContainerItemProxy */;
		};
/* End PBXTargetDependency section */

/* Begin PBXVariantGroup section */
		08E18068283C6B44007ED57C /* Main.storyboard */ = {
			isa = PBXVariantGroup;
			children = (
				08E18069283C6B44007ED57C /* Base */,
			);
			name = Main.storyboard;
			sourceTree = "<group>";
		};
		08E1806D283C6B46007ED57C /* LaunchScreen.storyboard */ = {
			isa = PBXVariantGroup;
			children = (
				08E1806E283C6B46007ED57C /* Base */,
			);
			name = LaunchScreen.storyboard;
			sourceTree = "<group>";
		};
/* End PBXVariantGroup section */

/* Begin XCBuildConfiguration section */
		08E18087283C6B46007ED57C /* Debug */ = {
			isa = XCBuildConfiguration;
			buildSettings = {
				ALWAYS_SEARCH_USER_PATHS = NO;
				CLANG_ANALYZER_NONNULL = YES;
				CLANG_ANALYZER_NUMBER_OBJECT_CONVERSION = YES_AGGRESSIVE;
				CLANG_CXX_LANGUAGE_STANDARD = "gnu++17";
				CLANG_ENABLE_MODULES = YES;
				CLANG_ENABLE_OBJC_ARC = YES;
				CLANG_ENABLE_OBJC_WEAK = YES;
				CLANG_WARN_BLOCK_CAPTURE_AUTORELEASING = YES;
				CLANG_WARN_BOOL_CONVERSION = YES;
				CLANG_WARN_COMMA = YES;
				CLANG_WARN_CONSTANT_CONVERSION = YES;
				CLANG_WARN_DEPRECATED_OBJC_IMPLEMENTATIONS = YES;
				CLANG_WARN_DIRECT_OBJC_ISA_USAGE = YES_ERROR;
				CLANG_WARN_DOCUMENTATION_COMMENTS = YES;
				CLANG_WARN_EMPTY_BODY = YES;
				CLANG_WARN_ENUM_CONVERSION = YES;
				CLANG_WARN_INFINITE_RECURSION = YES;
				CLANG_WARN_INT_CONVERSION = YES;
				CLANG_WARN_NON_LITERAL_NULL_CONVERSION = YES;
				CLANG_WARN_OBJC_IMPLICIT_RETAIN_SELF = YES;
				CLANG_WARN_OBJC_LITERAL_CONVERSION = YES;
				CLANG_WARN_OBJC_ROOT_CLASS = YES_ERROR;
				CLANG_WARN_QUOTED_INCLUDE_IN_FRAMEWORK_HEADER = YES;
				CLANG_WARN_RANGE_LOOP_ANALYSIS = YES;
				CLANG_WARN_STRICT_PROTOTYPES = YES;
				CLANG_WARN_SUSPICIOUS_MOVE = YES;
				CLANG_WARN_UNGUARDED_AVAILABILITY = YES_AGGRESSIVE;
				CLANG_WARN_UNREACHABLE_CODE = YES;
				CLANG_WARN__DUPLICATE_METHOD_MATCH = YES;
				COPY_PHASE_STRIP = NO;
				DEBUG_INFORMATION_FORMAT = dwarf;
				ENABLE_STRICT_OBJC_MSGSEND = YES;
				ENABLE_TESTABILITY = YES;
				GCC_C_LANGUAGE_STANDARD = gnu11;
				GCC_DYNAMIC_NO_PIC = NO;
				GCC_NO_COMMON_BLOCKS = YES;
				GCC_OPTIMIZATION_LEVEL = 0;
				GCC_PREPROCESSOR_DEFINITIONS = (
					"DEBUG=1",
					"$(inherited)",
				);
				GCC_WARN_64_TO_32_BIT_CONVERSION = YES;
				GCC_WARN_ABOUT_RETURN_TYPE = YES_ERROR;
				GCC_WARN_UNDECLARED_SELECTOR = YES;
				GCC_WARN_UNINITIALIZED_AUTOS = YES_AGGRESSIVE;
				GCC_WARN_UNUSED_FUNCTION = YES;
				GCC_WARN_UNUSED_VARIABLE = YES;
				IPHONEOS_DEPLOYMENT_TARGET = 15.5;
				MTL_ENABLE_DEBUG_INFO = INCLUDE_SOURCE;
				MTL_FAST_MATH = YES;
				ONLY_ACTIVE_ARCH = YES;
				SDKROOT = iphoneos;
				SWIFT_ACTIVE_COMPILATION_CONDITIONS = DEBUG;
				SWIFT_OPTIMIZATION_LEVEL = "-Onone";
			};
			name = Debug;
		};
		08E18088283C6B46007ED57C /* Release */ = {
			isa = XCBuildConfiguration;
			buildSettings = {
				ALWAYS_SEARCH_USER_PATHS = NO;
				CLANG_ANALYZER_NONNULL = YES;
				CLANG_ANALYZER_NUMBER_OBJECT_CONVERSION = YES_AGGRESSIVE;
				CLANG_CXX_LANGUAGE_STANDARD = "gnu++17";
				CLANG_ENABLE_MODULES = YES;
				CLANG_ENABLE_OBJC_ARC = YES;
				CLANG_ENABLE_OBJC_WEAK = YES;
				CLANG_WARN_BLOCK_CAPTURE_AUTORELEASING = YES;
				CLANG_WARN_BOOL_CONVERSION = YES;
				CLANG_WARN_COMMA = YES;
				CLANG_WARN_CONSTANT_CONVERSION = YES;
				CLANG_WARN_DEPRECATED_OBJC_IMPLEMENTATIONS = YES;
				CLANG_WARN_DIRECT_OBJC_ISA_USAGE = YES_ERROR;
				CLANG_WARN_DOCUMENTATION_COMMENTS = YES;
				CLANG_WARN_EMPTY_BODY = YES;
				CLANG_WARN_ENUM_CONVERSION = YES;
				CLANG_WARN_INFINITE_RECURSION = YES;
				CLANG_WARN_INT_CONVERSION = YES;
				CLANG_WARN_NON_LITERAL_NULL_CONVERSION = YES;
				CLANG_WARN_OBJC_IMPLICIT_RETAIN_SELF = YES;
				CLANG_WARN_OBJC_LITERAL_CONVERSION = YES;
				CLANG_WARN_OBJC_ROOT_CLASS = YES_ERROR;
				CLANG_WARN_QUOTED_INCLUDE_IN_FRAMEWORK_HEADER = YES;
				CLANG_WARN_RANGE_LOOP_ANALYSIS = YES;
				CLANG_WARN_STRICT_PROTOTYPES = YES;
				CLANG_WARN_SUSPICIOUS_MOVE = YES;
				CLANG_WARN_UNGUARDED_AVAILABILITY = YES_AGGRESSIVE;
				CLANG_WARN_UNREACHABLE_CODE = YES;
				CLANG_WARN__DUPLICATE_METHOD_MATCH = YES;
				COPY_PHASE_STRIP = NO;
				DEBUG_INFORMATION_FORMAT = "dwarf-with-dsym";
				ENABLE_NS_ASSERTIONS = NO;
				ENABLE_STRICT_OBJC_MSGSEND = YES;
				GCC_C_LANGUAGE_STANDARD = gnu11;
				GCC_NO_COMMON_BLOCKS = YES;
				GCC_WARN_64_TO_32_BIT_CONVERSION = YES;
				GCC_WARN_ABOUT_RETURN_TYPE = YES_ERROR;
				GCC_WARN_UNDECLARED_SELECTOR = YES;
				GCC_WARN_UNINITIALIZED_AUTOS = YES_AGGRESSIVE;
				GCC_WARN_UNUSED_FUNCTION = YES;
				GCC_WARN_UNUSED_VARIABLE = YES;
				IPHONEOS_DEPLOYMENT_TARGET = 15.5;
				MTL_ENABLE_DEBUG_INFO = NO;
				MTL_FAST_MATH = YES;
				SDKROOT = iphoneos;
				SWIFT_COMPILATION_MODE = wholemodule;
				SWIFT_OPTIMIZATION_LEVEL = "-O";
				VALIDATE_PRODUCT = YES;
			};
			name = Release;
		};
		08E1808A283C6B46007ED57C /* Debug */ = {
			isa = XCBuildConfiguration;
			baseConfigurationReference = 211DDDDE9A1FD90A31652BEB /* Pods-NetflixClone.debug.xcconfig */;
			buildSettings = {
				ASSETCATALOG_COMPILER_APPICON_NAME = AppIcon;
				ASSETCATALOG_COMPILER_GLOBAL_ACCENT_COLOR_NAME = AccentColor;
				CODE_SIGN_STYLE = Automatic;
				CURRENT_PROJECT_VERSION = 1;
				GENERATE_INFOPLIST_FILE = YES;
				INFOPLIST_FILE = NetflixClone/Info.plist;
				INFOPLIST_KEY_UIApplicationSupportsIndirectInputEvents = YES;
				INFOPLIST_KEY_UILaunchStoryboardName = LaunchScreen;
				INFOPLIST_KEY_UIMainStoryboardFile = Main;
				INFOPLIST_KEY_UISupportedInterfaceOrientations_iPad = "UIInterfaceOrientationPortrait UIInterfaceOrientationPortraitUpsideDown UIInterfaceOrientationLandscapeLeft UIInterfaceOrientationLandscapeRight";
				INFOPLIST_KEY_UISupportedInterfaceOrientations_iPhone = "UIInterfaceOrientationPortrait UIInterfaceOrientationLandscapeLeft UIInterfaceOrientationLandscapeRight";
				LD_RUNPATH_SEARCH_PATHS = (
					"$(inherited)",
					"@executable_path/Frameworks",
				);
				MARKETING_VERSION = 1.0;
				PRODUCT_BUNDLE_IDENTIFIER = com.rk.NetflixClone;
				PRODUCT_NAME = "$(TARGET_NAME)";
				SWIFT_EMIT_LOC_STRINGS = YES;
				SWIFT_VERSION = 5.0;
				TARGETED_DEVICE_FAMILY = "1,2";
			};
			name = Debug;
		};
		08E1808B283C6B46007ED57C /* Release */ = {
			isa = XCBuildConfiguration;
			baseConfigurationReference = CC6E36966F7A110885F90FBF /* Pods-NetflixClone.release.xcconfig */;
			buildSettings = {
				ASSETCATALOG_COMPILER_APPICON_NAME = AppIcon;
				ASSETCATALOG_COMPILER_GLOBAL_ACCENT_COLOR_NAME = AccentColor;
				CODE_SIGN_STYLE = Automatic;
				CURRENT_PROJECT_VERSION = 1;
				GENERATE_INFOPLIST_FILE = YES;
				INFOPLIST_FILE = NetflixClone/Info.plist;
				INFOPLIST_KEY_UIApplicationSupportsIndirectInputEvents = YES;
				INFOPLIST_KEY_UILaunchStoryboardName = LaunchScreen;
				INFOPLIST_KEY_UIMainStoryboardFile = Main;
				INFOPLIST_KEY_UISupportedInterfaceOrientations_iPad = "UIInterfaceOrientationPortrait UIInterfaceOrientationPortraitUpsideDown UIInterfaceOrientationLandscapeLeft UIInterfaceOrientationLandscapeRight";
				INFOPLIST_KEY_UISupportedInterfaceOrientations_iPhone = "UIInterfaceOrientationPortrait UIInterfaceOrientationLandscapeLeft UIInterfaceOrientationLandscapeRight";
				LD_RUNPATH_SEARCH_PATHS = (
					"$(inherited)",
					"@executable_path/Frameworks",
				);
				MARKETING_VERSION = 1.0;
				PRODUCT_BUNDLE_IDENTIFIER = com.rk.NetflixClone;
				PRODUCT_NAME = "$(TARGET_NAME)";
				SWIFT_EMIT_LOC_STRINGS = YES;
				SWIFT_VERSION = 5.0;
				TARGETED_DEVICE_FAMILY = "1,2";
			};
			name = Release;
		};
		08E1808D283C6B46007ED57C /* Debug */ = {
			isa = XCBuildConfiguration;
			baseConfigurationReference = 04F842F6606BFD9736F19FBC /* Pods-NetflixCloneTests.debug.xcconfig */;
			buildSettings = {
				ALWAYS_EMBED_SWIFT_STANDARD_LIBRARIES = YES;
				BUNDLE_LOADER = "$(TEST_HOST)";
				CODE_SIGN_STYLE = Automatic;
				CURRENT_PROJECT_VERSION = 1;
				GENERATE_INFOPLIST_FILE = YES;
				IPHONEOS_DEPLOYMENT_TARGET = 15.5;
				MARKETING_VERSION = 1.0;
				PRODUCT_BUNDLE_IDENTIFIER = com.rk.NetflixCloneTests;
				PRODUCT_NAME = "$(TARGET_NAME)";
				SWIFT_EMIT_LOC_STRINGS = NO;
				SWIFT_VERSION = 5.0;
				TARGETED_DEVICE_FAMILY = "1,2";
				TEST_HOST = "$(BUILT_PRODUCTS_DIR)/NetflixClone.app/NetflixClone";
			};
			name = Debug;
		};
		08E1808E283C6B46007ED57C /* Release */ = {
			isa = XCBuildConfiguration;
			baseConfigurationReference = C9E863836E81EAF752C9F4FA /* Pods-NetflixCloneTests.release.xcconfig */;
			buildSettings = {
				ALWAYS_EMBED_SWIFT_STANDARD_LIBRARIES = YES;
				BUNDLE_LOADER = "$(TEST_HOST)";
				CODE_SIGN_STYLE = Automatic;
				CURRENT_PROJECT_VERSION = 1;
				GENERATE_INFOPLIST_FILE = YES;
				IPHONEOS_DEPLOYMENT_TARGET = 15.5;
				MARKETING_VERSION = 1.0;
				PRODUCT_BUNDLE_IDENTIFIER = com.rk.NetflixCloneTests;
				PRODUCT_NAME = "$(TARGET_NAME)";
				SWIFT_EMIT_LOC_STRINGS = NO;
				SWIFT_VERSION = 5.0;
				TARGETED_DEVICE_FAMILY = "1,2";
				TEST_HOST = "$(BUILT_PRODUCTS_DIR)/NetflixClone.app/NetflixClone";
			};
			name = Release;
		};
		08E18090283C6B46007ED57C /* Debug */ = {
			isa = XCBuildConfiguration;
			baseConfigurationReference = 9E10C1461C4FA54754258B05 /* Pods-NetflixClone-NetflixCloneUITests.debug.xcconfig */;
			buildSettings = {
				ALWAYS_EMBED_SWIFT_STANDARD_LIBRARIES = YES;
				CODE_SIGN_STYLE = Automatic;
				CURRENT_PROJECT_VERSION = 1;
				GENERATE_INFOPLIST_FILE = YES;
				MARKETING_VERSION = 1.0;
				PRODUCT_BUNDLE_IDENTIFIER = com.rk.NetflixCloneUITests;
				PRODUCT_NAME = "$(TARGET_NAME)";
				SWIFT_EMIT_LOC_STRINGS = NO;
				SWIFT_VERSION = 5.0;
				TARGETED_DEVICE_FAMILY = "1,2";
				TEST_TARGET_NAME = NetflixClone;
			};
			name = Debug;
		};
		08E18091283C6B46007ED57C /* Release */ = {
			isa = XCBuildConfiguration;
			baseConfigurationReference = A4FCBD0C9F76D12372D6A5B9 /* Pods-NetflixClone-NetflixCloneUITests.release.xcconfig */;
			buildSettings = {
				ALWAYS_EMBED_SWIFT_STANDARD_LIBRARIES = YES;
				CODE_SIGN_STYLE = Automatic;
				CURRENT_PROJECT_VERSION = 1;
				GENERATE_INFOPLIST_FILE = YES;
				MARKETING_VERSION = 1.0;
				PRODUCT_BUNDLE_IDENTIFIER = com.rk.NetflixCloneUITests;
				PRODUCT_NAME = "$(TARGET_NAME)";
				SWIFT_EMIT_LOC_STRINGS = NO;
				SWIFT_VERSION = 5.0;
				TARGETED_DEVICE_FAMILY = "1,2";
				TEST_TARGET_NAME = NetflixClone;
			};
			name = Release;
		};
/* End XCBuildConfiguration section */

/* Begin XCConfigurationList section */
		08E1805A283C6B44007ED57C /* Build configuration list for PBXProject "NetflixClone" */ = {
			isa = XCConfigurationList;
			buildConfigurations = (
				08E18087283C6B46007ED57C /* Debug */,
				08E18088283C6B46007ED57C /* Release */,
			);
			defaultConfigurationIsVisible = 0;
			defaultConfigurationName = Release;
		};
		08E18089283C6B46007ED57C /* Build configuration list for PBXNativeTarget "NetflixClone" */ = {
			isa = XCConfigurationList;
			buildConfigurations = (
				08E1808A283C6B46007ED57C /* Debug */,
				08E1808B283C6B46007ED57C /* Release */,
			);
			defaultConfigurationIsVisible = 0;
			defaultConfigurationName = Release;
		};
		08E1808C283C6B46007ED57C /* Build configuration list for PBXNativeTarget "NetflixCloneTests" */ = {
			isa = XCConfigurationList;
			buildConfigurations = (
				08E1808D283C6B46007ED57C /* Debug */,
				08E1808E283C6B46007ED57C /* Release */,
			);
			defaultConfigurationIsVisible = 0;
			defaultConfigurationName = Release;
		};
		08E1808F283C6B46007ED57C /* Build configuration list for PBXNativeTarget "NetflixCloneUITests" */ = {
			isa = XCConfigurationList;
			buildConfigurations = (
				08E18090283C6B46007ED57C /* Debug */,
				08E18091283C6B46007ED57C /* Release */,
			);
			defaultConfigurationIsVisible = 0;
			defaultConfigurationName = Release;
		};
/* End XCConfigurationList section */
	};
	rootObject = 08E18057283C6B44007ED57C /* Project object */;
}
